
Microsoft Visual Studio Solution File, Format Version 12.00
# Visual Studio Version 17
VisualStudioVersion = 17.6.33829.357
MinimumVisualStudioVersion = 10.0.40219.1
Project("{9A19103F-16F7-4668-BE54-9A1E7A4F7556}") = "Mareen.WebApi", "Mareen.WebApi\Mareen.WebApi.csproj", "{4E0E3B3C-C26C-48B1-ADCF-58177035F09D}"
EndProject
Project("{9A19103F-16F7-4668-BE54-9A1E7A4F7556}") = "Mareen.DAL", "Mareen.DAL\Mareen.DAL.csproj", "{AA7599F7-CDFD-4037-A4DB-51414D76EF98}"
EndProject
Project("{9A19103F-16F7-4668-BE54-9A1E7A4F7556}") = "Mareen.Domain", "Mareen.Domain\Mareen.Domain.csproj", "{2DC488B0-D30B-4E68-BF19-D4D5825ED7FF}"
EndProject
Project("{9A19103F-16F7-4668-BE54-9A1E7A4F7556}") = "Mareen.Service", "Mareen.Service\Mareen.Service.csproj", "{121279FD-E89F-4C4A-BA7C-767404D05B5E}"
EndProject
Project("{9A19103F-16F7-4668-BE54-9A1E7A4F7556}") = "Mareen.Test", "Mareen.Test\Mareen.Test.csproj", "{72E22988-0F3A-4D70-8270-D346B116413B}"
EndProject
Project("{FAE04EC0-301F-11D3-BF4B-00C04F79EFBC}") = "Mareen.gRPC", "Mareen.gRPC\Mareen.gRPC.csproj", "{22249A6D-3B9A-4F34-B236-D8D1C4BB03F5}"
EndProject
Global
	GlobalSection(SolutionConfigurationPlatforms) = preSolution
		Debug|Any CPU = Debug|Any CPU
		Release|Any CPU = Release|Any CPU
	EndGlobalSection
	GlobalSection(ProjectConfigurationPlatforms) = postSolution
		{4E0E3B3C-C26C-48B1-ADCF-58177035F09D}.Debug|Any CPU.ActiveCfg = Debug|Any CPU
		{4E0E3B3C-C26C-48B1-ADCF-58177035F09D}.Debug|Any CPU.Build.0 = Debug|Any CPU
		{4E0E3B3C-C26C-48B1-ADCF-58177035F09D}.Release|Any CPU.ActiveCfg = Release|Any CPU
		{4E0E3B3C-C26C-48B1-ADCF-58177035F09D}.Release|Any CPU.Build.0 = Release|Any CPU
		{AA7599F7-CDFD-4037-A4DB-51414D76EF98}.Debug|Any CPU.ActiveCfg = Debug|Any CPU
		{AA7599F7-CDFD-4037-A4DB-51414D76EF98}.Debug|Any CPU.Build.0 = Debug|Any CPU
		{AA7599F7-CDFD-4037-A4DB-51414D76EF98}.Release|Any CPU.ActiveCfg = Release|Any CPU
		{AA7599F7-CDFD-4037-A4DB-51414D76EF98}.Release|Any CPU.Build.0 = Release|Any CPU
		{2DC488B0-D30B-4E68-BF19-D4D5825ED7FF}.Debug|Any CPU.ActiveCfg = Debug|Any CPU
		{2DC488B0-D30B-4E68-BF19-D4D5825ED7FF}.Debug|Any CPU.Build.0 = Debug|Any CPU
		{2DC488B0-D30B-4E68-BF19-D4D5825ED7FF}.Release|Any CPU.ActiveCfg = Release|Any CPU
		{2DC488B0-D30B-4E68-BF19-D4D5825ED7FF}.Release|Any CPU.Build.0 = Release|Any CPU
		{121279FD-E89F-4C4A-BA7C-767404D05B5E}.Debug|Any CPU.ActiveCfg = Debug|Any CPU
		{121279FD-E89F-4C4A-BA7C-767404D05B5E}.Debug|Any CPU.Build.0 = Debug|Any CPU
		{121279FD-E89F-4C4A-BA7C-767404D05B5E}.Release|Any CPU.ActiveCfg = Release|Any CPU
		{121279FD-E89F-4C4A-BA7C-767404D05B5E}.Release|Any CPU.Build.0 = Release|Any CPU
		{72E22988-0F3A-4D70-8270-D346B116413B}.Debug|Any CPU.ActiveCfg = Debug|Any CPU
		{72E22988-0F3A-4D70-8270-D346B116413B}.Debug|Any CPU.Build.0 = Debug|Any CPU
		{72E22988-0F3A-4D70-8270-D346B116413B}.Release|Any CPU.ActiveCfg = Release|Any CPU
		{72E22988-0F3A-4D70-8270-D346B116413B}.Release|Any CPU.Build.0 = Release|Any CPU
		{22249A6D-3B9A-4F34-B236-D8D1C4BB03F5}.Debug|Any CPU.ActiveCfg = Debug|Any CPU
		{22249A6D-3B9A-4F34-B236-D8D1C4BB03F5}.Debug|Any CPU.Build.0 = Debug|Any CPU
		{22249A6D-3B9A-4F34-B236-D8D1C4BB03F5}.Release|Any CPU.ActiveCfg = Release|Any CPU
		{22249A6D-3B9A-4F34-B236-D8D1C4BB03F5}.Release|Any CPU.Build.0 = Release|Any CPU
	EndGlobalSection
	GlobalSection(SolutionProperties) = preSolution
		HideSolutionNode = FALSE
	EndGlobalSection
	GlobalSection(ExtensibilityGlobals) = postSolution
		SolutionGuid = {6280423C-0C91-4968-AB08-B4A8AA95A421}
	EndGlobalSection
EndGlobal
